
Microsoft Visual Studio Solution File, Format Version 12.00
# Visual Studio Version 17
VisualStudioVersion = 17.3.32825.248
MinimumVisualStudioVersion = 10.0.40219.1
Project("{FAE04EC0-301F-11D3-BF4B-00C04F79EFBC}") = "WEEK 1 TASK BY OLUROTIMI SAMUEL", "WEEK 1 TASK BY OLUROTIMI SAMUEL\WEEK 1 TASK BY OLUROTIMI SAMUEL.csproj", "{A257D327-1CFA-40F8-A121-1CF299817372}"
EndProject
Global
	GlobalSection(SolutionConfigurationPlatforms) = preSolution
		Debug|Any CPU = Debug|Any CPU
		Release|Any CPU = Release|Any CPU
	EndGlobalSection
	GlobalSection(ProjectConfigurationPlatforms) = postSolution
		{A257D327-1CFA-40F8-A121-1CF299817372}.Debug|Any CPU.ActiveCfg = Debug|Any CPU
		{A257D327-1CFA-40F8-A121-1CF299817372}.Debug|Any CPU.Build.0 = Debug|Any CPU
		{A257D327-1CFA-40F8-A121-1CF299817372}.Release|Any CPU.ActiveCfg = Release|Any CPU
		{A257D327-1CFA-40F8-A121-1CF299817372}.Release|Any CPU.Build.0 = Release|Any CPU
	EndGlobalSection
	GlobalSection(SolutionProperties) = preSolution
		HideSolutionNode = FALSE
	EndGlobalSection
	GlobalSection(ExtensibilityGlobals) = postSolution
		SolutionGuid = {64392A34-0D65-4E96-8D4F-D4A43B5D58BC}
	EndGlobalSection
EndGlobal
